
Microsoft Visual Studio Solution File, Format Version 12.00
# Visual Studio Version 17
VisualStudioVersion = 17.3.32929.385
MinimumVisualStudioVersion = 10.0.40219.1
Project("{FAE04EC0-301F-11D3-BF4B-00C04F79EFBC}") = "Week7_HW", "Week7_HW.csproj", "{93A97FA0-AACA-4371-98F4-41E5674C660E}"
EndProject
Global
	GlobalSection(SolutionConfigurationPlatforms) = preSolution
		Debug|Any CPU = Debug|Any CPU
		Release|Any CPU = Release|Any CPU
	EndGlobalSection
	GlobalSection(ProjectConfigurationPlatforms) = postSolution
		{93A97FA0-AACA-4371-98F4-41E5674C660E}.Debug|Any CPU.ActiveCfg = Debug|Any CPU
		{93A97FA0-AACA-4371-98F4-41E5674C660E}.Debug|Any CPU.Build.0 = Debug|Any CPU
		{93A97FA0-AACA-4371-98F4-41E5674C660E}.Release|Any CPU.ActiveCfg = Release|Any CPU
		{93A97FA0-AACA-4371-98F4-41E5674C660E}.Release|Any CPU.Build.0 = Release|Any CPU
	EndGlobalSection
	GlobalSection(SolutionProperties) = preSolution
		HideSolutionNode = FALSE
	EndGlobalSection
	GlobalSection(ExtensibilityGlobals) = postSolution
		SolutionGuid = {1AEE0D55-AAB8-4ECF-AA2C-9A621583536C}
	EndGlobalSection
EndGlobal
