
Microsoft Visual Studio Solution File, Format Version 12.00
# Visual Studio Version 17
VisualStudioVersion = 17.3.32929.385
MinimumVisualStudioVersion = 10.0.40219.1
Project("{FAE04EC0-301F-11D3-BF4B-00C04F79EFBC}") = "Week10_HW_API", "Week10_HW_API.csproj", "{72463C41-3C17-46B4-849A-0B6D9AFEEDC4}"
EndProject
Global
	GlobalSection(SolutionConfigurationPlatforms) = preSolution
		Debug|Any CPU = Debug|Any CPU
		Release|Any CPU = Release|Any CPU
	EndGlobalSection
	GlobalSection(ProjectConfigurationPlatforms) = postSolution
		{72463C41-3C17-46B4-849A-0B6D9AFEEDC4}.Debug|Any CPU.ActiveCfg = Debug|Any CPU
		{72463C41-3C17-46B4-849A-0B6D9AFEEDC4}.Debug|Any CPU.Build.0 = Debug|Any CPU
		{72463C41-3C17-46B4-849A-0B6D9AFEEDC4}.Release|Any CPU.ActiveCfg = Release|Any CPU
		{72463C41-3C17-46B4-849A-0B6D9AFEEDC4}.Release|Any CPU.Build.0 = Release|Any CPU
	EndGlobalSection
	GlobalSection(SolutionProperties) = preSolution
		HideSolutionNode = FALSE
	EndGlobalSection
	GlobalSection(ExtensibilityGlobals) = postSolution
		SolutionGuid = {72FE62AC-4E77-4042-BC15-6E3FADEAAE9B}
	EndGlobalSection
EndGlobal
