
Microsoft Visual Studio Solution File, Format Version 12.00
# Visual Studio Version 17
VisualStudioVersion = 17.3.32929.385
MinimumVisualStudioVersion = 10.0.40219.1
Project("{FAE04EC0-301F-11D3-BF4B-00C04F79EFBC}") = "InClassFinal", "InClassFinal.csproj", "{0733720D-5732-4BDF-9687-A5A270C55315}"
EndProject
Global
	GlobalSection(SolutionConfigurationPlatforms) = preSolution
		Debug|Any CPU = Debug|Any CPU
		Release|Any CPU = Release|Any CPU
	EndGlobalSection
	GlobalSection(ProjectConfigurationPlatforms) = postSolution
		{0733720D-5732-4BDF-9687-A5A270C55315}.Debug|Any CPU.ActiveCfg = Debug|Any CPU
		{0733720D-5732-4BDF-9687-A5A270C55315}.Debug|Any CPU.Build.0 = Debug|Any CPU
		{0733720D-5732-4BDF-9687-A5A270C55315}.Release|Any CPU.ActiveCfg = Release|Any CPU
		{0733720D-5732-4BDF-9687-A5A270C55315}.Release|Any CPU.Build.0 = Release|Any CPU
	EndGlobalSection
	GlobalSection(SolutionProperties) = preSolution
		HideSolutionNode = FALSE
	EndGlobalSection
	GlobalSection(ExtensibilityGlobals) = postSolution
		SolutionGuid = {84C0DE0F-B7EF-460F-9179-FA8A48734D9B}
	EndGlobalSection
EndGlobal
